
Microsoft Visual Studio Solution File, Format Version 12.00
# Visual Studio 15
VisualStudioVersion = 15.0.27703.2035
MinimumVisualStudioVersion = 10.0.40219.1
Project("{FAE04EC0-301F-11D3-BF4B-00C04F79EFBC}") = "Carubbi.GenericRepository", "Carubbi.GenericRepository\Carubbi.GenericRepository.csproj", "{232785DE-BB1D-41B5-8690-E650B4120452}"
EndProject
Global
	GlobalSection(SolutionConfigurationPlatforms) = preSolution
		Debug|Any CPU = Debug|Any CPU
		Release|Any CPU = Release|Any CPU
	EndGlobalSection
	GlobalSection(ProjectConfigurationPlatforms) = postSolution
		{232785DE-BB1D-41B5-8690-E650B4120452}.Debug|Any CPU.ActiveCfg = Debug|Any CPU
		{232785DE-BB1D-41B5-8690-E650B4120452}.Debug|Any CPU.Build.0 = Debug|Any CPU
		{232785DE-BB1D-41B5-8690-E650B4120452}.Release|Any CPU.ActiveCfg = Release|Any CPU
		{232785DE-BB1D-41B5-8690-E650B4120452}.Release|Any CPU.Build.0 = Release|Any CPU
	EndGlobalSection
	GlobalSection(SolutionProperties) = preSolution
		HideSolutionNode = FALSE
	EndGlobalSection
	GlobalSection(ExtensibilityGlobals) = postSolution
		SolutionGuid = {A48B7C5B-1F47-4813-9138-8AD15985B777}
	EndGlobalSection
EndGlobal
